
Microsoft Visual Studio Solution File, Format Version 12.00
# Visual Studio Version 17
VisualStudioVersion = 17.5.33530.505
MinimumVisualStudioVersion = 10.0.40219.1
Project("{FAE04EC0-301F-11D3-BF4B-00C04F79EFBC}") = "exercise_2", "exercise_2\exercise_2.csproj", "{FE3C7F62-5502-4D6B-A370-4BDDB0489E79}"
EndProject
Global
	GlobalSection(SolutionConfigurationPlatforms) = preSolution
		Debug|Any CPU = Debug|Any CPU
		Release|Any CPU = Release|Any CPU
	EndGlobalSection
	GlobalSection(ProjectConfigurationPlatforms) = postSolution
		{FE3C7F62-5502-4D6B-A370-4BDDB0489E79}.Debug|Any CPU.ActiveCfg = Debug|Any CPU
		{FE3C7F62-5502-4D6B-A370-4BDDB0489E79}.Debug|Any CPU.Build.0 = Debug|Any CPU
		{FE3C7F62-5502-4D6B-A370-4BDDB0489E79}.Release|Any CPU.ActiveCfg = Release|Any CPU
		{FE3C7F62-5502-4D6B-A370-4BDDB0489E79}.Release|Any CPU.Build.0 = Release|Any CPU
	EndGlobalSection
	GlobalSection(SolutionProperties) = preSolution
		HideSolutionNode = FALSE
	EndGlobalSection
	GlobalSection(ExtensibilityGlobals) = postSolution
		SolutionGuid = {13A361AF-49C5-4FE3-8ECE-497C63314E88}
	EndGlobalSection
EndGlobal
