
Microsoft Visual Studio Solution File, Format Version 12.00
# Visual Studio Version 17
VisualStudioVersion = 17.0.31919.166
MinimumVisualStudioVersion = 10.0.40219.1
Project("{FAE04EC0-301F-11D3-BF4B-00C04F79EFBC}") = "PixelSequences", "PixelSequences\PixelSequences.csproj", "{F466A1D0-F975-458F-93CB-D82C262FC00A}"
EndProject
Global
	GlobalSection(SolutionConfigurationPlatforms) = preSolution
		Debug|Any CPU = Debug|Any CPU
		Release|Any CPU = Release|Any CPU
	EndGlobalSection
	GlobalSection(ProjectConfigurationPlatforms) = postSolution
		{F466A1D0-F975-458F-93CB-D82C262FC00A}.Debug|Any CPU.ActiveCfg = Debug|Any CPU
		{F466A1D0-F975-458F-93CB-D82C262FC00A}.Debug|Any CPU.Build.0 = Debug|Any CPU
		{F466A1D0-F975-458F-93CB-D82C262FC00A}.Release|Any CPU.ActiveCfg = Release|Any CPU
		{F466A1D0-F975-458F-93CB-D82C262FC00A}.Release|Any CPU.Build.0 = Release|Any CPU
	EndGlobalSection
	GlobalSection(SolutionProperties) = preSolution
		HideSolutionNode = FALSE
	EndGlobalSection
	GlobalSection(ExtensibilityGlobals) = postSolution
		SolutionGuid = {E4035CFA-900C-44D1-A1BD-704211674FB6}
	EndGlobalSection
EndGlobal
