
Microsoft Visual Studio Solution File, Format Version 12.00
# Visual Studio Version 17
VisualStudioVersion = 17.5.33530.505
MinimumVisualStudioVersion = 10.0.40219.1
Project("{FAE04EC0-301F-11D3-BF4B-00C04F79EFBC}") = "exercise_4", "exercise_4\exercise_4.csproj", "{7AA3719A-6DD5-49F5-B1E8-9FDF6F8349C8}"
EndProject
Global
	GlobalSection(SolutionConfigurationPlatforms) = preSolution
		Debug|Any CPU = Debug|Any CPU
		Release|Any CPU = Release|Any CPU
	EndGlobalSection
	GlobalSection(ProjectConfigurationPlatforms) = postSolution
		{7AA3719A-6DD5-49F5-B1E8-9FDF6F8349C8}.Debug|Any CPU.ActiveCfg = Debug|Any CPU
		{7AA3719A-6DD5-49F5-B1E8-9FDF6F8349C8}.Debug|Any CPU.Build.0 = Debug|Any CPU
		{7AA3719A-6DD5-49F5-B1E8-9FDF6F8349C8}.Release|Any CPU.ActiveCfg = Release|Any CPU
		{7AA3719A-6DD5-49F5-B1E8-9FDF6F8349C8}.Release|Any CPU.Build.0 = Release|Any CPU
	EndGlobalSection
	GlobalSection(SolutionProperties) = preSolution
		HideSolutionNode = FALSE
	EndGlobalSection
	GlobalSection(ExtensibilityGlobals) = postSolution
		SolutionGuid = {A11FEDC9-1C0A-4DEE-99D1-A90F9F173925}
	EndGlobalSection
EndGlobal
