
Microsoft Visual Studio Solution File, Format Version 12.00
# Visual Studio Version 17
VisualStudioVersion = 17.0.31919.166
MinimumVisualStudioVersion = 10.0.40219.1
Project("{FAE04EC0-301F-11D3-BF4B-00C04F79EFBC}") = "exercise_2", "exercise_2\exercise_2.csproj", "{15A5FFC7-49D3-496C-9A69-C45BDE99123A}"
EndProject
Global
	GlobalSection(SolutionConfigurationPlatforms) = preSolution
		Debug|Any CPU = Debug|Any CPU
		Release|Any CPU = Release|Any CPU
	EndGlobalSection
	GlobalSection(ProjectConfigurationPlatforms) = postSolution
		{15A5FFC7-49D3-496C-9A69-C45BDE99123A}.Debug|Any CPU.ActiveCfg = Debug|Any CPU
		{15A5FFC7-49D3-496C-9A69-C45BDE99123A}.Debug|Any CPU.Build.0 = Debug|Any CPU
		{15A5FFC7-49D3-496C-9A69-C45BDE99123A}.Release|Any CPU.ActiveCfg = Release|Any CPU
		{15A5FFC7-49D3-496C-9A69-C45BDE99123A}.Release|Any CPU.Build.0 = Release|Any CPU
	EndGlobalSection
	GlobalSection(SolutionProperties) = preSolution
		HideSolutionNode = FALSE
	EndGlobalSection
	GlobalSection(ExtensibilityGlobals) = postSolution
		SolutionGuid = {B37E5672-BB6F-4CC1-AD0D-E25E52C1905D}
	EndGlobalSection
EndGlobal
