
Microsoft Visual Studio Solution File, Format Version 12.00
# Visual Studio Version 17
VisualStudioVersion = 17.5.33530.505
MinimumVisualStudioVersion = 10.0.40219.1
Project("{FAE04EC0-301F-11D3-BF4B-00C04F79EFBC}") = "exercise_1", "exercise_1\exercise_1.csproj", "{AEEDB9CC-8798-4A63-A046-A3AF4D30945C}"
EndProject
Global
	GlobalSection(SolutionConfigurationPlatforms) = preSolution
		Debug|Any CPU = Debug|Any CPU
		Release|Any CPU = Release|Any CPU
	EndGlobalSection
	GlobalSection(ProjectConfigurationPlatforms) = postSolution
		{AEEDB9CC-8798-4A63-A046-A3AF4D30945C}.Debug|Any CPU.ActiveCfg = Debug|Any CPU
		{AEEDB9CC-8798-4A63-A046-A3AF4D30945C}.Debug|Any CPU.Build.0 = Debug|Any CPU
		{AEEDB9CC-8798-4A63-A046-A3AF4D30945C}.Release|Any CPU.ActiveCfg = Release|Any CPU
		{AEEDB9CC-8798-4A63-A046-A3AF4D30945C}.Release|Any CPU.Build.0 = Release|Any CPU
	EndGlobalSection
	GlobalSection(SolutionProperties) = preSolution
		HideSolutionNode = FALSE
	EndGlobalSection
	GlobalSection(ExtensibilityGlobals) = postSolution
		SolutionGuid = {630EE640-D241-4A2C-A788-A3C62FDC03ED}
	EndGlobalSection
EndGlobal
